
Microsoft Visual Studio Solution File, Format Version 12.00
# Visual Studio Version 18
VisualStudioVersion = 18.2.11415.280
MinimumVisualStudioVersion = 10.0.40219.1
Project("{FAE04EC0-301F-11D3-BF4B-00C04F79EFBC}") = "CognitiveCodeAnalysis", "CognitiveCodeAnalysis\CognitiveCodeAnalysis.csproj", "{10A15CBC-0DB2-AE9B-F1C3-E49DFD248BAE}"
EndProject
Project("{FAE04EC0-301F-11D3-BF4B-00C04F79EFBC}") = "CognitiveCodeAnalysis.Tests", "CognitiveCodeAnalysis.Tests\CognitiveCodeAnalysis.Tests.csproj", "{97C3EC4D-220C-E3E8-AD0B-FA046CFAB33A}"
	ProjectSection(ProjectDependencies) = postProject
		{10A15CBC-0DB2-AE9B-F1C3-E49DFD248BAE} = {10A15CBC-0DB2-AE9B-F1C3-E49DFD248BAE}
	EndProjectSection
EndProject
Project("{FAE04EC0-301F-11D3-BF4B-00C04F79EFBC}") = "CognitiveCodeAnalysisConsoleApp", "CognitiveCodeAnalysisConsoleApp\CognitiveCodeAnalysisConsoleApp.csproj", "{7C9900F4-B313-27DD-0145-199FF8CA1F89}"
EndProject
Project("{FAE04EC0-301F-11D3-BF4B-00C04F79EFBC}") = "CognitiveCodeAnalysisConsoleApp.Tests", "CognitiveCodeAnalysisConsoleApp.Tests\CognitiveCodeAnalysisConsoleApp.Tests.csproj", "{8EB9755A-AE7D-4120-9473-B8FD8A1F9D30}"
EndProject
Project("{FAE04EC0-301F-11D3-BF4B-00C04F79EFBC}") = "CognitiveCodeAnalysisExtension", "CognitiveCodeAnalysisExtension\CognitiveCodeAnalysisExtension\CognitiveCodeAnalysisExtension.csproj", "{FF6DCAF4-943A-4880-B5BD-90E2FDCFE2F9}"
EndProject
Project("{FAE04EC0-301F-11D3-BF4B-00C04F79EFBC}") = "CognitiveCodeAnalysisExtension.CodeFixes", "CognitiveCodeAnalysisExtension\CognitiveCodeAnalysisExtension.CodeFixes\CognitiveCodeAnalysisExtension.CodeFixes.csproj", "{391D71A1-EAF1-48E5-9E63-2D1C5A9F2367}"
EndProject
Project("{FAE04EC0-301F-11D3-BF4B-00C04F79EFBC}") = "CognitiveCodeAnalysisExtension.Package", "CognitiveCodeAnalysisExtension\CognitiveCodeAnalysisExtension.Package\CognitiveCodeAnalysisExtension.Package.csproj", "{4879852D-5904-4FA9-8914-2A7A4A8488C5}"
EndProject
Project("{FAE04EC0-301F-11D3-BF4B-00C04F79EFBC}") = "CognitiveCodeAnalysisExtension.Test", "CognitiveCodeAnalysisExtension\CognitiveCodeAnalysisExtension.Test\CognitiveCodeAnalysisExtension.Test.csproj", "{0FFEE576-DA3C-402D-AB92-A1B94E84018D}"
EndProject
Project("{FAE04EC0-301F-11D3-BF4B-00C04F79EFBC}") = "CognitiveCodeAnalysisExtension.Vsix", "CognitiveCodeAnalysisExtension\CognitiveCodeAnalysisExtension.Vsix\CognitiveCodeAnalysisExtension.Vsix.csproj", "{C6D6690C-FEFF-4086-9824-78DD084B0C31}"
EndProject
Global
	GlobalSection(SolutionConfigurationPlatforms) = preSolution
		Debug|Any CPU = Debug|Any CPU
		Debug|x64 = Debug|x64
		Debug|x86 = Debug|x86
		Release|Any CPU = Release|Any CPU
		Release|x64 = Release|x64
		Release|x86 = Release|x86
	EndGlobalSection
	GlobalSection(ProjectConfigurationPlatforms) = postSolution
		{10A15CBC-0DB2-AE9B-F1C3-E49DFD248BAE}.Debug|Any CPU.ActiveCfg = Debug|Any CPU
		{10A15CBC-0DB2-AE9B-F1C3-E49DFD248BAE}.Debug|Any CPU.Build.0 = Debug|Any CPU
		{10A15CBC-0DB2-AE9B-F1C3-E49DFD248BAE}.Debug|x64.ActiveCfg = Debug|Any CPU
		{10A15CBC-0DB2-AE9B-F1C3-E49DFD248BAE}.Debug|x64.Build.0 = Debug|Any CPU
		{10A15CBC-0DB2-AE9B-F1C3-E49DFD248BAE}.Debug|x86.ActiveCfg = Debug|Any CPU
		{10A15CBC-0DB2-AE9B-F1C3-E49DFD248BAE}.Debug|x86.Build.0 = Debug|Any CPU
		{10A15CBC-0DB2-AE9B-F1C3-E49DFD248BAE}.Release|Any CPU.ActiveCfg = Release|Any CPU
		{10A15CBC-0DB2-AE9B-F1C3-E49DFD248BAE}.Release|Any CPU.Build.0 = Release|Any CPU
		{10A15CBC-0DB2-AE9B-F1C3-E49DFD248BAE}.Release|x64.ActiveCfg = Release|Any CPU
		{10A15CBC-0DB2-AE9B-F1C3-E49DFD248BAE}.Release|x64.Build.0 = Release|Any CPU
		{10A15CBC-0DB2-AE9B-F1C3-E49DFD248BAE}.Release|x86.ActiveCfg = Release|Any CPU
		{10A15CBC-0DB2-AE9B-F1C3-E49DFD248BAE}.Release|x86.Build.0 = Release|Any CPU
		{97C3EC4D-220C-E3E8-AD0B-FA046CFAB33A}.Debug|Any CPU.ActiveCfg = Debug|Any CPU
		{97C3EC4D-220C-E3E8-AD0B-FA046CFAB33A}.Debug|Any CPU.Build.0 = Debug|Any CPU
		{97C3EC4D-220C-E3E8-AD0B-FA046CFAB33A}.Debug|x64.ActiveCfg = Debug|Any CPU
		{97C3EC4D-220C-E3E8-AD0B-FA046CFAB33A}.Debug|x64.Build.0 = Debug|Any CPU
		{97C3EC4D-220C-E3E8-AD0B-FA046CFAB33A}.Debug|x86.ActiveCfg = Debug|Any CPU
		{97C3EC4D-220C-E3E8-AD0B-FA046CFAB33A}.Debug|x86.Build.0 = Debug|Any CPU
		{97C3EC4D-220C-E3E8-AD0B-FA046CFAB33A}.Release|Any CPU.ActiveCfg = Release|Any CPU
		{97C3EC4D-220C-E3E8-AD0B-FA046CFAB33A}.Release|Any CPU.Build.0 = Release|Any CPU
		{97C3EC4D-220C-E3E8-AD0B-FA046CFAB33A}.Release|x64.ActiveCfg = Release|Any CPU
		{97C3EC4D-220C-E3E8-AD0B-FA046CFAB33A}.Release|x64.Build.0 = Release|Any CPU
		{97C3EC4D-220C-E3E8-AD0B-FA046CFAB33A}.Release|x86.ActiveCfg = Release|Any CPU
		{97C3EC4D-220C-E3E8-AD0B-FA046CFAB33A}.Release|x86.Build.0 = Release|Any CPU
		{7C9900F4-B313-27DD-0145-199FF8CA1F89}.Debug|Any CPU.ActiveCfg = Debug|Any CPU
		{7C9900F4-B313-27DD-0145-199FF8CA1F89}.Debug|Any CPU.Build.0 = Debug|Any CPU
		{7C9900F4-B313-27DD-0145-199FF8CA1F89}.Debug|x64.ActiveCfg = Debug|Any CPU
		{7C9900F4-B313-27DD-0145-199FF8CA1F89}.Debug|x64.Build.0 = Debug|Any CPU
		{7C9900F4-B313-27DD-0145-199FF8CA1F89}.Debug|x86.ActiveCfg = Debug|Any CPU
		{7C9900F4-B313-27DD-0145-199FF8CA1F89}.Debug|x86.Build.0 = Debug|Any CPU
		{7C9900F4-B313-27DD-0145-199FF8CA1F89}.Release|Any CPU.ActiveCfg = Release|Any CPU
		{7C9900F4-B313-27DD-0145-199FF8CA1F89}.Release|Any CPU.Build.0 = Release|Any CPU
		{7C9900F4-B313-27DD-0145-199FF8CA1F89}.Release|x64.ActiveCfg = Release|Any CPU
		{7C9900F4-B313-27DD-0145-199FF8CA1F89}.Release|x64.Build.0 = Release|Any CPU
		{7C9900F4-B313-27DD-0145-199FF8CA1F89}.Release|x86.ActiveCfg = Release|Any CPU
		{7C9900F4-B313-27DD-0145-199FF8CA1F89}.Release|x86.Build.0 = Release|Any CPU
		{8EB9755A-AE7D-4120-9473-B8FD8A1F9D30}.Debug|Any CPU.ActiveCfg = Debug|Any CPU
		{8EB9755A-AE7D-4120-9473-B8FD8A1F9D30}.Debug|Any CPU.Build.0 = Debug|Any CPU
		{8EB9755A-AE7D-4120-9473-B8FD8A1F9D30}.Debug|x64.ActiveCfg = Debug|Any CPU
		{8EB9755A-AE7D-4120-9473-B8FD8A1F9D30}.Debug|x64.Build.0 = Debug|Any CPU
		{8EB9755A-AE7D-4120-9473-B8FD8A1F9D30}.Debug|x86.ActiveCfg = Debug|Any CPU
		{8EB9755A-AE7D-4120-9473-B8FD8A1F9D30}.Debug|x86.Build.0 = Debug|Any CPU
		{8EB9755A-AE7D-4120-9473-B8FD8A1F9D30}.Release|Any CPU.ActiveCfg = Release|Any CPU
		{8EB9755A-AE7D-4120-9473-B8FD8A1F9D30}.Release|Any CPU.Build.0 = Release|Any CPU
		{8EB9755A-AE7D-4120-9473-B8FD8A1F9D30}.Release|x64.ActiveCfg = Release|Any CPU
		{8EB9755A-AE7D-4120-9473-B8FD8A1F9D30}.Release|x64.Build.0 = Release|Any CPU
		{8EB9755A-AE7D-4120-9473-B8FD8A1F9D30}.Release|x86.ActiveCfg = Release|Any CPU
		{8EB9755A-AE7D-4120-9473-B8FD8A1F9D30}.Release|x86.Build.0 = Release|Any CPU
		{FF6DCAF4-943A-4880-B5BD-90E2FDCFE2F9}.Debug|Any CPU.ActiveCfg = Debug|Any CPU
		{FF6DCAF4-943A-4880-B5BD-90E2FDCFE2F9}.Debug|Any CPU.Build.0 = Debug|Any CPU
		{FF6DCAF4-943A-4880-B5BD-90E2FDCFE2F9}.Debug|x64.ActiveCfg = Debug|Any CPU
		{FF6DCAF4-943A-4880-B5BD-90E2FDCFE2F9}.Debug|x64.Build.0 = Debug|Any CPU
		{FF6DCAF4-943A-4880-B5BD-90E2FDCFE2F9}.Debug|x86.ActiveCfg = Debug|Any CPU
		{FF6DCAF4-943A-4880-B5BD-90E2FDCFE2F9}.Debug|x86.Build.0 = Debug|Any CPU
		{FF6DCAF4-943A-4880-B5BD-90E2FDCFE2F9}.Release|Any CPU.ActiveCfg = Release|Any CPU
		{FF6DCAF4-943A-4880-B5BD-90E2FDCFE2F9}.Release|Any CPU.Build.0 = Release|Any CPU
		{FF6DCAF4-943A-4880-B5BD-90E2FDCFE2F9}.Release|x64.ActiveCfg = Release|Any CPU
		{FF6DCAF4-943A-4880-B5BD-90E2FDCFE2F9}.Release|x64.Build.0 = Release|Any CPU
		{FF6DCAF4-943A-4880-B5BD-90E2FDCFE2F9}.Release|x86.ActiveCfg = Release|Any CPU
		{FF6DCAF4-943A-4880-B5BD-90E2FDCFE2F9}.Release|x86.Build.0 = Release|Any CPU
		{391D71A1-EAF1-48E5-9E63-2D1C5A9F2367}.Debug|Any CPU.ActiveCfg = Debug|Any CPU
		{391D71A1-EAF1-48E5-9E63-2D1C5A9F2367}.Debug|Any CPU.Build.0 = Debug|Any CPU
		{391D71A1-EAF1-48E5-9E63-2D1C5A9F2367}.Debug|x64.ActiveCfg = Debug|Any CPU
		{391D71A1-EAF1-48E5-9E63-2D1C5A9F2367}.Debug|x64.Build.0 = Debug|Any CPU
		{391D71A1-EAF1-48E5-9E63-2D1C5A9F2367}.Debug|x86.ActiveCfg = Debug|Any CPU
		{391D71A1-EAF1-48E5-9E63-2D1C5A9F2367}.Debug|x86.Build.0 = Debug|Any CPU
		{391D71A1-EAF1-48E5-9E63-2D1C5A9F2367}.Release|Any CPU.ActiveCfg = Release|Any CPU
		{391D71A1-EAF1-48E5-9E63-2D1C5A9F2367}.Release|Any CPU.Build.0 = Release|Any CPU
		{391D71A1-EAF1-48E5-9E63-2D1C5A9F2367}.Release|x64.ActiveCfg = Release|Any CPU
		{391D71A1-EAF1-48E5-9E63-2D1C5A9F2367}.Release|x64.Build.0 = Release|Any CPU
		{391D71A1-EAF1-48E5-9E63-2D1C5A9F2367}.Release|x86.ActiveCfg = Release|Any CPU
		{391D71A1-EAF1-48E5-9E63-2D1C5A9F2367}.Release|x86.Build.0 = Release|Any CPU
		{4879852D-5904-4FA9-8914-2A7A4A8488C5}.Debug|Any CPU.ActiveCfg = Debug|Any CPU
		{4879852D-5904-4FA9-8914-2A7A4A8488C5}.Debug|Any CPU.Build.0 = Debug|Any CPU
		{4879852D-5904-4FA9-8914-2A7A4A8488C5}.Debug|x64.ActiveCfg = Debug|Any CPU
		{4879852D-5904-4FA9-8914-2A7A4A8488C5}.Debug|x64.Build.0 = Debug|Any CPU
		{4879852D-5904-4FA9-8914-2A7A4A8488C5}.Debug|x86.ActiveCfg = Debug|Any CPU
		{4879852D-5904-4FA9-8914-2A7A4A8488C5}.Debug|x86.Build.0 = Debug|Any CPU
		{4879852D-5904-4FA9-8914-2A7A4A8488C5}.Release|Any CPU.ActiveCfg = Release|Any CPU
		{4879852D-5904-4FA9-8914-2A7A4A8488C5}.Release|Any CPU.Build.0 = Release|Any CPU
		{4879852D-5904-4FA9-8914-2A7A4A8488C5}.Release|x64.ActiveCfg = Release|Any CPU
		{4879852D-5904-4FA9-8914-2A7A4A8488C5}.Release|x64.Build.0 = Release|Any CPU
		{4879852D-5904-4FA9-8914-2A7A4A8488C5}.Release|x86.ActiveCfg = Release|Any CPU
		{4879852D-5904-4FA9-8914-2A7A4A8488C5}.Release|x86.Build.0 = Release|Any CPU
		{0FFEE576-DA3C-402D-AB92-A1B94E84018D}.Debug|Any CPU.ActiveCfg = Debug|Any CPU
		{0FFEE576-DA3C-402D-AB92-A1B94E84018D}.Debug|Any CPU.Build.0 = Debug|Any CPU
		{0FFEE576-DA3C-402D-AB92-A1B94E84018D}.Debug|x64.ActiveCfg = Debug|Any CPU
		{0FFEE576-DA3C-402D-AB92-A1B94E84018D}.Debug|x64.Build.0 = Debug|Any CPU
		{0FFEE576-DA3C-402D-AB92-A1B94E84018D}.Debug|x86.ActiveCfg = Debug|Any CPU
		{0FFEE576-DA3C-402D-AB92-A1B94E84018D}.Debug|x86.Build.0 = Debug|Any CPU
		{0FFEE576-DA3C-402D-AB92-A1B94E84018D}.Release|Any CPU.ActiveCfg = Release|Any CPU
		{0FFEE576-DA3C-402D-AB92-A1B94E84018D}.Release|Any CPU.Build.0 = Release|Any CPU
		{0FFEE576-DA3C-402D-AB92-A1B94E84018D}.Release|x64.ActiveCfg = Release|Any CPU
		{0FFEE576-DA3C-402D-AB92-A1B94E84018D}.Release|x64.Build.0 = Release|Any CPU
		{0FFEE576-DA3C-402D-AB92-A1B94E84018D}.Release|x86.ActiveCfg = Release|Any CPU
		{0FFEE576-DA3C-402D-AB92-A1B94E84018D}.Release|x86.Build.0 = Release|Any CPU
		{C6D6690C-FEFF-4086-9824-78DD084B0C31}.Debug|Any CPU.ActiveCfg = Debug|Any CPU
		{C6D6690C-FEFF-4086-9824-78DD084B0C31}.Release|Any CPU.ActiveCfg = Release|Any CPU
	EndGlobalSection
	GlobalSection(SolutionProperties) = preSolution
		HideSolutionNode = FALSE
	EndGlobalSection
	GlobalSection(ExtensibilityGlobals) = postSolution
		SolutionGuid = {21A9DC15-BFBF-4339-A8D4-F25F953AD4A2}
	EndGlobalSection
EndGlobal
